
Microsoft Visual Studio Solution File, Format Version 12.00
# Visual Studio Version 17
VisualStudioVersion = 17.2.32526.322
MinimumVisualStudioVersion = 10.0.40219.1
Project("{9A19103F-16F7-4668-BE54-9A1E7A4F7556}") = "CustomHubs", "CustomHubs.csproj", "{0D8ABE29-035E-4568-B006-B51FB909B742}"
EndProject
Global
	GlobalSection(SolutionConfigurationPlatforms) = preSolution
		Debug|Any CPU = Debug|Any CPU
		Release|Any CPU = Release|Any CPU
	EndGlobalSection
	GlobalSection(ProjectConfigurationPlatforms) = postSolution
		{0D8ABE29-035E-4568-B006-B51FB909B742}.Debug|Any CPU.ActiveCfg = Debug|Any CPU
		{0D8ABE29-035E-4568-B006-B51FB909B742}.Debug|Any CPU.Build.0 = Debug|Any CPU
		{0D8ABE29-035E-4568-B006-B51FB909B742}.Release|Any CPU.ActiveCfg = Release|Any CPU
		{0D8ABE29-035E-4568-B006-B51FB909B742}.Release|Any CPU.Build.0 = Release|Any CPU
	EndGlobalSection
	GlobalSection(SolutionProperties) = preSolution
		HideSolutionNode = FALSE
	EndGlobalSection
	GlobalSection(ExtensibilityGlobals) = postSolution
		SolutionGuid = {AB8DE266-0161-4400-A3F1-903D477CD50A}
	EndGlobalSection
EndGlobal
